
Microsoft Visual Studio Solution File, Format Version 12.00
# Visual Studio Version 16
VisualStudioVersion = 16.0.31112.23
MinimumVisualStudioVersion = 10.0.40219.1
Project("{FAE04EC0-301F-11D3-BF4B-00C04F79EFBC}") = "AuthApp", "AuthApp\AuthApp.csproj", "{C9F5864F-839E-4AA7-9301-9F9C3FB542B2}"
EndProject
Global
	GlobalSection(SolutionConfigurationPlatforms) = preSolution
		Debug|Any CPU = Debug|Any CPU
		Release|Any CPU = Release|Any CPU
	EndGlobalSection
	GlobalSection(ProjectConfigurationPlatforms) = postSolution
		{C9F5864F-839E-4AA7-9301-9F9C3FB542B2}.Debug|Any CPU.ActiveCfg = Debug|Any CPU
		{C9F5864F-839E-4AA7-9301-9F9C3FB542B2}.Debug|Any CPU.Build.0 = Debug|Any CPU
		{C9F5864F-839E-4AA7-9301-9F9C3FB542B2}.Release|Any CPU.ActiveCfg = Release|Any CPU
		{C9F5864F-839E-4AA7-9301-9F9C3FB542B2}.Release|Any CPU.Build.0 = Release|Any CPU
	EndGlobalSection
	GlobalSection(SolutionProperties) = preSolution
		HideSolutionNode = FALSE
	EndGlobalSection
	GlobalSection(ExtensibilityGlobals) = postSolution
		SolutionGuid = {848E58EA-AC0D-4D97-860F-9BD45506EEA4}
	EndGlobalSection
EndGlobal
